{
  "name": "@orchestra/resonance-labs",
  "version": "1.0.0",
  "lockfileVersion": 3,
  "requires": true,
  "packages": {
    "": {
      "name": "@orchestra/resonance-labs",
      "version": "1.0.0",
      "dependencies": {
        "@orchestra/resonance-specs": "file:./orchestra-resonance-specs-1.0.0.tgz"
      }
    },
    "node_modules/@orchestra/resonance-specs": {
      "version": "1.0.0",
      "resolved": "file:orchestra-resonance-specs-1.0.0.tgz",
      "integrity": "sha512-UwVdkpHpFS093LgmVzFIAkjNlITmZuxz2xmWr4FkgsSjdEFtn0VsGSX8hF0zbTPX79hQSYqfTDCpu8D8vvPscA==",
      "license": "SEE LICENSE IN LICENSE_INTERNAL.md"
    }
  }
}
