{
  "name": "@resonance/labs",
  "version": "1.0.0",
  "lockfileVersion": 3,
  "requires": true,
  "packages": {
    "": {
      "name": "@resonance/labs",
      "version": "1.0.0",
      "dependencies": {
        "@resonance/specs": "file:./resonance-specs-1.0.0.tgz"
      }
    },
    "node_modules/@resonance/specs": {
      "version": "1.0.0",
      "resolved": "file:resonance-specs-1.0.0.tgz",
      "integrity": "sha512-MT6/h5sH8HyHEFeQ1kGWyE2Q/vgeye0LQioDCvITprJZrm1xXPPNzeAGfCzy8Au+dDHaGH+ONH4vwYIsxl78sA==",
      "license": "SEE LICENSE IN LICENSE_INTERNAL.md"
    }
  }
}
